{
  "lockfileVersion": 2,
  "configVersion": 1,
  "workspaces": {
    "": {
      "name": "lina",
      "devDependencies": {
        "@biomejs/biome": "2.5.12",
        "bun-types": "latest",
        "typescript": "^5.9.0",
      },
    },
    "packages/lina-channels": {
      "name": "@lina/channels",
      "version": "0.1.0",
      "dependencies": {
        "discord.js": "^14.27.0",
        "ws": "^8.21.3",
        "zod": "^4.5.4",
      },
      "devDependencies": {
        "@types/ws": "^8.18.1",
      },
    },
    "packages/lina-client": {
      "name": "@lina/client",
      "version": "0.1.0",
    },
    "packages/lina-codex": {
      "name": "@lina/codex",
      "version": "0.1.0",
      "dependencies": {
        "typebox": "1.3.18",
      },
    },
    "packages/lina-core": {
      "name": "@lina/core",
      "version": "0.1.0",
    },
    "packages/lina-desktop": {
      "name": "@lina/desktop",
      "version": "0.1.0",
      "devDependencies": {
        "@electron-forge/cli": "8.0.0-alpha.10",
        "@electron-forge/maker-zip": "8.0.0-alpha.10",
        "electron": "44.2.0",
      },
    },
    "packages/lina-history": {
      "name": "@lina/history",
      "version": "0.1.0",
    },
    "packages/lina-memory": {
      "name": "@lina/memory",
      "version": "0.1.0",
      "dependencies": {
        "zod": "^4.5.4",
      },
    },
    "packages/lina-opencodex": {
      "name": "@lina/opencodex",
      "version": "0.1.0",
    },
    "packages/lina-runtime": {
      "name": "@lina/runtime",
      "version": "0.1.0",
      "dependencies": {
        "typebox": "1.3.18",
        "ws": "8.21.3",
        "zod": "^4.5.4",
      },
      "devDependencies": {
        "@types/ws": "^8.18.1",
      },
    },
    "packages/lina-ui": {
      "name": "@lina/ui",
      "version": "0.1.0",
      "dependencies": {
        "@base-ui/react": "1.8.0",
        "react": "19.2.8",
        "react-dom": "19.2.8",
      },
      "devDependencies": {
        "@types/react": "19.2.18",
        "@types/react-dom": "19.2.7",
      },
    },
    "packages/lina-web": {
      "name": "@lina/web",
      "version": "0.1.0",
    },
  },
  "packages": {
    "@babel/runtime": ["@babel/runtime@7.29.7", "", {}, "sha512-Nq8OhGWiZIZGV6hLHoyAKLLcJihP/xFeBMGJoUrxTX2psI8dCifzLhZISFb+VWS3wFMRDmCGw5R+dOySCqPLhw=="],

    "@base-ui/react": ["@base-ui/react@1.8.0", "", { "dependencies": { "@babel/runtime": "^7.29.7", "@base-ui/utils": "0.4.0", "@floating-ui/react-dom": "^2.1.9", "@floating-ui/utils": "^0.2.12", "use-sync-external-store": "^1.6.0" }, "peerDependencies": { "@date-fns/tz": "^1.2.0", "@types/react": "^17 || ^18 || ^19", "date-fns": "^4.0.0", "react": "^17 || ^18 || ^19", "react-dom": "^17 || ^18 || ^19" }, "optionalPeers": ["@date-fns/tz", "@types/react", "date-fns"] }, "sha512-P0/1sxo6SBVZOklKMIedvTWqw2s2IQzi9x5bIVsXu980cuSOD4NeuRSs+/L7LZQfDkZP/uRZyGPyfFl/B1oH+Q=="],

    "@base-ui/utils": ["@base-ui/utils@0.4.0", "", { "dependencies": { "@babel/runtime": "^7.29.7", "@floating-ui/utils": "^0.2.12", "reselect": "^5.2.0", "use-sync-external-store": "^1.6.0" }, "peerDependencies": { "@types/react": "^17 || ^18 || ^19", "react": "^17 || ^18 || ^19", "react-dom": "^17 || ^18 || ^19" }, "optionalPeers": ["@types/react"] }, "sha512-bO9fz25kKtPf+aZVyfQrC0PDmJdmVni31W2hCS5/Owb+inwdIL3XU26pCPRPlt4LSxZrBgLwubXQXQlKaFEZzw=="],

    "@biomejs/biome": ["@biomejs/biome@2.5.12", "", { "optionalDependencies": { "@biomejs/cli-darwin-arm64": "2.5.12", "@biomejs/cli-darwin-x64": "2.5.12", "@biomejs/cli-linux-arm64": "2.5.12", "@biomejs/cli-linux-arm64-musl": "2.5.12", "@biomejs/cli-linux-x64": "2.5.12", "@biomejs/cli-linux-x64-musl": "2.5.12", "@biomejs/cli-win32-arm64": "2.5.12", "@biomejs/cli-win32-x64": "2.5.12" }, "bin": { "biome": "bin/biome" } }, "sha512-Lw4VHZRebrReBBnlHa12JQjnIBm3JJAA55PDB9LbBVBF0q4RYphm6KfmIjqtPhf61MxZ5Q9KoK8R8x+7per5Aw=="],

    "@biomejs/cli-darwin-arm64": ["@biomejs/cli-darwin-arm64@2.5.12", "", { "os": "darwin", "cpu": "arm64" }, "sha512-lCRY1rwgNeWNgTr4DI/u6ZwXTRwRLHAvbaio1YLLGS+4r1nhvB2ssyPqIpfUSmRveNfv0fn/N58C7CAdK2XVrg=="],

    "@biomejs/cli-darwin-x64": ["@biomejs/cli-darwin-x64@2.5.12", "", { "os": "darwin", "cpu": "x64" }, "sha512-vhPgwnh+6tN3ArdAXuET99xaNbFt7CG82Bqn+omHVLC5xdVx45JsYjGPmUIGNzjDek5XdNCP1HKksK7fn8+3bQ=="],

    "@biomejs/cli-linux-arm64": ["@biomejs/cli-linux-arm64@2.5.12", "", { "os": "linux", "cpu": "arm64" }, "sha512-2gp8aVwXYKdAtmBfRFCUuyDMcfN1ahHqUkGfLYrZlNRFmryMATLVvJgWKvyA8wu4Rwn5OSxM1UcUmOuOFNGeBQ=="],

    "@biomejs/cli-linux-arm64-musl": ["@biomejs/cli-linux-arm64-musl@2.5.12", "", { "os": "linux", "cpu": "arm64" }, "sha512-couHYjFLL5uuI8ne6zhT7KwEsXo5YP7ry/2xmEqah7qanu0YmfDi3mwJg47YXSuv/NpZj22CZzcRH/5c4gjPSQ=="],

    "@biomejs/cli-linux-x64": ["@biomejs/cli-linux-x64@2.5.12", "", { "os": "linux", "cpu": "x64" }, "sha512-SnvOs3TSTiuia4SQOUNe1aWC9RT4+YkjcKnOhL/nsKOV0k5ycgBkDzF0lUxKn1V7Q8CLTRq6iV23ZAivHomRoA=="],

    "@biomejs/cli-linux-x64-musl": ["@biomejs/cli-linux-x64-musl@2.5.12", "", { "os": "linux", "cpu": "x64" }, "sha512-8A0oDW58/w9f/PQNYuq0sGUZtGtGrkNF4Z6n0PUoXpLCshi85vtKTv1XSznQawhdE4MXJ8ufpzHXyLFe87M/+w=="],

    "@biomejs/cli-win32-arm64": ["@biomejs/cli-win32-arm64@2.5.12", "", { "os": "win32", "cpu": "arm64" }, "sha512-b9vtoZFsuZt1pdjNwJvXl0f+BpayRzV008uS2+JpmwIKdSE2qdu4A/l04FESwLoou5g2E/Qlec0xwJydZplH+A=="],

    "@biomejs/cli-win32-x64": ["@biomejs/cli-win32-x64@2.5.12", "", { "os": "win32", "cpu": "x64" }, "sha512-B1R/l+CwEpKFSuqiwePzPNRk1EiJN8kc0UhdafNz6MZN9v5OFP9HYP1irptvWzHrwVI4blVNGMbxc5zt70m3IA=="],

    "@discordjs/builders": ["@discordjs/builders@1.14.1", "", { "dependencies": { "@discordjs/formatters": "^0.6.2", "@discordjs/util": "^1.2.0", "@sapphire/shapeshift": "^4.0.0", "discord-api-types": "^0.38.40", "fast-deep-equal": "^3.1.3", "ts-mixer": "^6.0.4", "tslib": "^2.6.3" } }, "sha512-gSKkhXLqs96TCzk66VZuHHl8z2bQMJFGwrXC0f33ngK+FLNau4hU1PYny3DNJfNdSH+gVMzE85/d5FQ2BpcNwQ=="],

    "@discordjs/collection": ["@discordjs/collection@1.5.3", "", {}, "sha512-SVb428OMd3WO1paV3rm6tSjM4wC+Kecaa1EUGX7vc6/fddvw/6lg90z4QtCqm21zvVe92vMMDt9+DkIvjXImQQ=="],

    "@discordjs/formatters": ["@discordjs/formatters@0.6.2", "", { "dependencies": { "discord-api-types": "^0.38.33" } }, "sha512-y4UPwWhH6vChKRkGdMB4odasUbHOUwy7KL+OVwF86PvT6QVOwElx+TiI1/6kcmcEe+g5YRXJFiXSXUdabqZOvQ=="],

    "@discordjs/rest": ["@discordjs/rest@2.6.3", "", { "dependencies": { "@discordjs/collection": "^2.1.1", "@discordjs/util": "^1.2.0", "@sapphire/async-queue": "^1.5.3", "@sapphire/snowflake": "^3.5.5", "@vladfrangu/async_event_emitter": "^2.4.6", "discord-api-types": "^0.38.50", "magic-bytes.js": "^1.13.0", "tslib": "^2.6.3", "undici": "^6.27.0" } }, "sha512-wvOylxNYJkwKjctS/Mn5GP1w9r3/rzyH+ThD1JlAca6zEdlHs8QWBBUQJpU5Q+W6DoIj/Ljh1IPlZs7hTU+UAg=="],

    "@discordjs/util": ["@discordjs/util@1.2.0", "", { "dependencies": { "discord-api-types": "^0.38.33" } }, "sha512-3LKP7F2+atl9vJFhaBjn4nOaSWahZ/yWjOvA4e5pnXkt2qyXRCHLxoBQy81GFtLGCq7K9lPm9R517M1U+/90Qg=="],

    "@discordjs/ws": ["@discordjs/ws@1.2.3", "", { "dependencies": { "@discordjs/collection": "^2.1.0", "@discordjs/rest": "^2.5.1", "@discordjs/util": "^1.1.0", "@sapphire/async-queue": "^1.5.2", "@types/ws": "^8.5.10", "@vladfrangu/async_event_emitter": "^2.2.4", "discord-api-types": "^0.38.1", "tslib": "^2.6.2", "ws": "^8.17.0" } }, "sha512-wPlQDxEmlDg5IxhJPuxXr3Vy9AjYq5xCvFWGJyD7w7Np8ZGu+Mc+97LCoEc/+AYCo2IDpKioiH0/c/mj5ZR9Uw=="],

    "@electron-forge/cli": ["@electron-forge/cli@8.0.0-alpha.10", "", { "dependencies": { "@electron-forge/core": "8.0.0-alpha.10", "@electron-forge/core-utils": "8.0.0-alpha.10", "@electron-forge/shared-types": "8.0.0-alpha.10", "@electron/get": "^5.0.0", "commander": "^11.1.0", "debug": "^4.3.1", "listr2": "^7.0.2", "semver": "^7.2.1" }, "bin": { "electron-forge": "dist/electron-forge.js", "electron-forge-vscode-nix": "script/vscode.sh", "electron-forge-vscode-win": "script/vscode.cmd" } }, "sha512-3fkKH50xTVN1A+UhsX6BzwFfP7JVTadIrA3Cs4jpR7Yl/PChH4w/cyi99LNnZnVAypiywkOkqrQU9t+1SZy1YA=="],

    "@electron-forge/core": ["@electron-forge/core@8.0.0-alpha.10", "", { "dependencies": { "@electron-forge/core-utils": "8.0.0-alpha.10", "@electron-forge/maker-base": "8.0.0-alpha.10", "@electron-forge/plugin-base": "8.0.0-alpha.10", "@electron-forge/publisher-base": "8.0.0-alpha.10", "@electron-forge/shared-types": "8.0.0-alpha.10", "@electron-forge/tracer": "8.0.0-alpha.10", "@electron/get": "^5.0.0", "@electron/packager": "^20.0.1", "debug": "^4.3.1", "graceful-fs": "^4.2.11", "jiti": "^2.4.2", "listr2": "^7.0.2" } }, "sha512-sg52Ay0vy9ShC7G4CL9fsfzcUC4yAI9HdP7D18tdmbPwZJ6DLqDLKT/pFw297V7IjX4AYlpsW/71yPEqadDm3w=="],

    "@electron-forge/core-utils": ["@electron-forge/core-utils@8.0.0-alpha.10", "", { "dependencies": { "@electron-forge/shared-types": "8.0.0-alpha.10", "@electron/rebuild": "^4.0.1", "@malept/cross-spawn-promise": "^2.0.0", "debug": "^4.3.1", "graceful-fs": "^4.2.11", "semver": "^7.2.1" } }, "sha512-edL4xReqbWStPhdhgSEE55AXXLtJLxMRtHEghulmZlf4UaSfS86zwSBtqDwYcUB1cd9LpcEm3GKKek/awOJB0A=="],

    "@electron-forge/maker-base": ["@electron-forge/maker-base@8.0.0-alpha.10", "", { "dependencies": { "@electron-forge/shared-types": "8.0.0-alpha.10", "which": "^6.0.0" } }, "sha512-aZ7YlU785r/1VPy0h1HHy1VEiufqMX0fd4tzHcAWwDfZguajfhnGioPfgCaEVKBWyAgV3v7Pge2FkL7YcRsxsQ=="],

    "@electron-forge/maker-zip": ["@electron-forge/maker-zip@8.0.0-alpha.10", "", { "dependencies": { "@electron-forge/core-utils": "8.0.0-alpha.10", "@electron-forge/maker-base": "8.0.0-alpha.10", "@electron-forge/shared-types": "8.0.0-alpha.10", "cross-zip": "^4.0.0" } }, "sha512-I3N9FI8xJW7f+Ld05f2hSSuukfI2Oh9vKN7HWSPmM8+7PqN4Dwigp7DRv/s3HPFwrMdayDJKm/2me5rvXh32DQ=="],

    "@electron-forge/plugin-base": ["@electron-forge/plugin-base@8.0.0-alpha.10", "", { "dependencies": { "@electron-forge/shared-types": "8.0.0-alpha.10" } }, "sha512-AoL+VuuFVLgqeRzO0dLvrx4f2t1nMeHQ1YKj/EoqAQ6uU7D4HS2D4FNEXyxTQFVrNj4OqSte7U3sqGenc327XA=="],

    "@electron-forge/publisher-base": ["@electron-forge/publisher-base@8.0.0-alpha.10", "", { "dependencies": { "@electron-forge/shared-types": "8.0.0-alpha.10" } }, "sha512-UjGRM13jVr1oq+HLayJAUiQcfxvs8LyTQYm5sazxlfG9LO9UJAI/2jbNic/OXYehr5xGrJSCMXDTm/cCy5LfZQ=="],

    "@electron-forge/shared-types": ["@electron-forge/shared-types@8.0.0-alpha.10", "", { "dependencies": { "@electron-forge/tracer": "8.0.0-alpha.10", "@electron/packager": "^20.0.1", "@electron/rebuild": "^4.0.1", "listr2": "^7.0.2" } }, "sha512-JdwOXHXXjh1L1rgLcQJfyCX8cHgvognmuol/udDUIx9/JzMc+AZhNnsFN8JriRYunYaFrVLTHe0H8f8GQXO/LA=="],

    "@electron-forge/tracer": ["@electron-forge/tracer@8.0.0-alpha.10", "", { "dependencies": { "chrome-trace-event": "^1.0.3" } }, "sha512-aoW9P+KoTtO0KQaISdJXi3sVB5k12P1kA6pK0NsgJTEbsB2i5O6c8zfor/U5eJUeb9GAVscAIHKShYuUycgZqg=="],

    "@electron-internal/extract-zip": ["@electron-internal/extract-zip@1.0.5", "", {}, "sha512-+bqFCP98pLI0Tt0XQo1TmlXtwjWchISndDOxCkEcIuUgXWpBnLyRI+2DU+mesvnMMX6L1XDqYNA0lXNDHd/yiA=="],

    "@electron/asar": ["@electron/asar@4.3.0", "", { "dependencies": { "glob": "^13.0.2", "minimatch": "^10.0.1" }, "bin": { "asar": "bin/asar.mjs" } }, "sha512-k/FFC/NQoTykGBi/Ga4L4KorsAKDdkK0LfNVG90eUG6vPVpJaL3iR9V1ZLbzBAF3QpojK5DcaGOdQOheKZv4JQ=="],

    "@electron/get": ["@electron/get@5.1.0", "", { "dependencies": { "debug": "^4.1.1", "env-paths": "^3.0.0", "graceful-fs": "^4.2.11", "progress": "^2.0.3", "semver": "^7.6.3", "sumchecker": "^3.0.1" }, "optionalDependencies": { "undici": "^7.24.4" } }, "sha512-3kSBtG8ObcTVfXanm5vVJ6UnBLEVmVsRk1M+vGqCuMBV+XLCbJYuWQful+yIy0GQDsSlK0kHEriEHn7SPk4EnA=="],

    "@electron/notarize": ["@electron/notarize@3.1.1", "", { "dependencies": { "debug": "^4.4.0", "promise-retry": "^2.0.1" } }, "sha512-uQQSlOiJnqRkTL1wlEBAxe90nVN/Fc/hEmk0bqpKk8nKjV1if/tXLHKUPePtv9Xsx90PtZU8aidx5lAiOpjkQQ=="],

    "@electron/osx-sign": ["@electron/osx-sign@2.7.0", "", { "dependencies": { "debug": "^4.3.4", "isbinaryfile": "^4.0.8", "plist": "^3.0.5", "semver": "^7.7.1" }, "bin": { "electron-osx-flat": "bin/electron-osx-flat.mjs", "electron-osx-sign": "bin/electron-osx-sign.mjs" } }, "sha512-9DGhNqKMl6ibkhUoXbN7OHX2gZznfY10L3ZwG0u6r667Kfb6kec4JEfFTXftoqzmOfZ+OzwDbr4p/nKBMHnz0g=="],

    "@electron/packager": ["@electron/packager@20.3.0", "", { "dependencies": { "@electron-internal/extract-zip": "^1.0.1", "@electron/asar": "^4.0.1", "@electron/get": "^5.0.0", "@electron/notarize": "^3.1.0", "@electron/osx-sign": "^2.2.0", "@electron/universal": "^3.0.1", "@electron/windows-sign": "^2.0.2", "@malept/cross-spawn-promise": "^2.0.0", "debug": "^4.4.1", "filenamify": "^6.0.0", "galactus": "^2.0.2", "graceful-fs": "^4.2.11", "junk": "^4.0.1", "plist": "^3.1.0", "resedit": "^2.0.3", "semver": "^7.7.2", "yargs-parser": "^22.0.0" }, "bin": { "electron-packager": "bin/electron-packager.mjs" } }, "sha512-3MvgJgy6YJ5ti0oGGBKrWKdYwpTaoRrhranMDgHSQ6i5t56yZV9IRDyoXTuqBp97LiKqnZeAMe2wTcF/9+fP5g=="],

    "@electron/rebuild": ["@electron/rebuild@4.2.0", "", { "dependencies": { "@malept/cross-spawn-promise": "^2.0.0", "debug": "^4.1.1", "node-abi": "^4.2.0", "node-api-version": "^0.2.1", "node-gyp": "^12.2.0", "read-binary-file-arch": "^1.0.6" }, "bin": { "electron-rebuild": "lib/cli.js" } }, "sha512-RKL/O+jGoXJMxrx/5771y1n0xTKmFuOYGO3gMmwypBM6rsH0kou0mswwdXA2JrhIkE4xyC7v9vGk0n6NPzgOxQ=="],

    "@electron/universal": ["@electron/universal@3.0.6", "", { "dependencies": { "@electron/asar": "^4.0.0", "debug": "^4.3.1", "plist": "^3.1.0" } }, "sha512-MonS1kfkZdSEkLZI0pdR/TCx8ecxwRSFm7sORfwIkDI9UaIbHnk4Mgeqq+Ob9qDQRV8LZ9+hHCmimpA9BRcNxw=="],

    "@electron/windows-sign": ["@electron/windows-sign@2.0.6", "", { "dependencies": { "debug": "^4.3.4", "graceful-fs": "^4.2.11", "postject": "^1.0.0-alpha.6" }, "bin": { "electron-windows-sign": "bin/electron-windows-sign.mjs" } }, "sha512-ESWgNkFsXFH06I5EB2uHv3hmZA3yF4j9GTB77W74x3b5KZNItxggNzuADw41HUy6mhnC2K+E2mT0Xgc4YKu3IQ=="],

    "@floating-ui/core": ["@floating-ui/core@1.8.0", "", { "dependencies": { "@floating-ui/utils": "^0.2.12" } }, "sha512-0CIZ5itps/8x7BG8dEIhs53BvCUH2PCoogtakwRTut+Arm58sJooJ0AuZhLw2HJYIR5cMLNPBSS728sPho2khQ=="],

    "@floating-ui/dom": ["@floating-ui/dom@1.8.0", "", { "dependencies": { "@floating-ui/core": "^1.8.0", "@floating-ui/utils": "^0.2.12" } }, "sha512-yXSrzeHZBTZadLOlfyhCkJHNeLJnHRnRInwdZ40L7ZiaAtrBwoYlsDrX3v5zB1Utk7CLfzcOVnVVWoXEky7Ceg=="],

    "@floating-ui/react-dom": ["@floating-ui/react-dom@2.1.9", "", { "dependencies": { "@floating-ui/dom": "^1.8.0" }, "peerDependencies": { "react": ">=16.8.0", "react-dom": ">=16.8.0" } }, "sha512-JDjEFGCpImxDCA7JJKviA0M9+RtmJdj0m/NVU5IMgBK+AmZouAQQ7/+2GLH0GXXY0YMw9oXPB8hKdbPYg5QLYg=="],

    "@floating-ui/utils": ["@floating-ui/utils@0.2.12", "", {}, "sha512-HpCo8tmWzLVad5s2d19EhAz5zqrrQ6s69qd6moPMQvkOuSwDT1YgRfWSVuc4ennqrgv3OHppiOGMQ7oC13yIww=="],

    "@isaacs/fs-minipass": ["@isaacs/fs-minipass@4.0.1", "", { "dependencies": { "minipass": "^7.0.4" } }, "sha512-wgm9Ehl2jpeqP3zw/7mo3kRHFp5MEDhqAdwy1fTGkHAwnkGOVsgpvQhL8B5n1qlb01jV3n/bI0ZfZp5lWA1k4w=="],

    "@lina/channels": ["@lina/channels@workspace:packages/lina-channels"],

    "@lina/client": ["@lina/client@workspace:packages/lina-client"],

    "@lina/codex": ["@lina/codex@workspace:packages/lina-codex"],

    "@lina/core": ["@lina/core@workspace:packages/lina-core"],

    "@lina/desktop": ["@lina/desktop@workspace:packages/lina-desktop"],

    "@lina/history": ["@lina/history@workspace:packages/lina-history"],

    "@lina/memory": ["@lina/memory@workspace:packages/lina-memory"],

    "@lina/opencodex": ["@lina/opencodex@workspace:packages/lina-opencodex"],

    "@lina/runtime": ["@lina/runtime@workspace:packages/lina-runtime"],

    "@lina/ui": ["@lina/ui@workspace:packages/lina-ui"],

    "@lina/web": ["@lina/web@workspace:packages/lina-web"],

    "@malept/cross-spawn-promise": ["@malept/cross-spawn-promise@2.0.0", "", { "dependencies": { "cross-spawn": "^7.0.1" } }, "sha512-1DpKU0Z5ThltBwjNySMC14g0CkbyhCaz9FkhxqNsZI6uAPJXFS8cMXlBKo26FJ8ZuW6S9GCMcR9IO5k2X5/9Fg=="],

    "@sapphire/async-queue": ["@sapphire/async-queue@1.5.5", "", {}, "sha512-cvGzxbba6sav2zZkH8GPf2oGk9yYoD5qrNWdu9fRehifgnFZJMV+nuy2nON2roRO4yQQ+v7MK/Pktl/HgfsUXg=="],

    "@sapphire/shapeshift": ["@sapphire/shapeshift@4.0.0", "", { "dependencies": { "fast-deep-equal": "^3.1.3", "lodash": "^4.17.21" } }, "sha512-d9dUmWVA7MMiKobL3VpLF8P2aeanRTu6ypG2OIaEv/ZHH/SUQ2iHOVyi5wAPjQ+HmnMuL0whK9ez8I/raWbtIg=="],

    "@sapphire/snowflake": ["@sapphire/snowflake@3.5.5", "", {}, "sha512-xzvBr1Q1c4lCe7i6sRnrofxeO1QTP/LKQ6A6qy0iB4x5yfiSfARMEQEghojzTNALDTcv8En04qYNIco9/K9eZQ=="],

    "@types/node": ["@types/node@26.4.1", "", { "dependencies": { "undici-types": "~8.3.0" } }, "sha512-k97ENvZWtvA6yqz5/FS6a7duDgOPEeOQOc2iKS/nY6mX6qJUKtLnWzQS+Xj6tXweyj6ZcTAK2Qecetnvi9nCLA=="],

    "@types/react": ["@types/react@19.2.18", "", { "dependencies": { "csstype": "^3.2.2" } }, "sha512-AnzbBERsrLKtk2XSfTbYRLjQPdy116Sty4q+T+Bp3IC4l6jNBvreVPAHmpq9qhXQM7CXZPjLVmGMw9sy+hxQ3w=="],

    "@types/react-dom": ["@types/react-dom@19.2.7", "", { "peerDependencies": { "@types/react": "^19.2.0" } }, "sha512-I8bPpDLcHBv1qiIiXDCy71Rt8eQDKJP0sMSWJphDdAcdqiJ1sGpZamavoEIRZmYzjia9LuEb2HlYdDpmoENpvQ=="],

    "@types/ws": ["@types/ws@8.18.1", "", { "dependencies": { "@types/node": "*" } }, "sha512-ThVF6DCVhA8kUGy+aazFQ4kXQ7E1Ty7A3ypFOe0IcJV8O/M511G99AW24irKrW56Wt44yG9+ij8FaqoBGkuBXg=="],

    "@vladfrangu/async_event_emitter": ["@vladfrangu/async_event_emitter@2.4.7", "", {}, "sha512-Xfe6rpCTxSxfbswi/W/Pz7zp1WWSNn4A0eW4mLkQUewCrXXtMj31lCg+iQyTkh/CkusZSq9eDflu7tjEDXUY6g=="],

    "@xmldom/xmldom": ["@xmldom/xmldom@0.9.12", "", {}, "sha512-5AXjrcMClTryPe9LgZrygpB1lj7s0S9E0+W+AHaVKAVyHanafK86iPSvG5xHVSp/jC+VH1UXu0TAEmY279xH7A=="],

    "abbrev": ["abbrev@4.0.0", "", {}, "sha512-a1wflyaL0tHtJSmLSOVybYhy22vRih4eduhhrkcjgrWGnRfrZtovJ2FRjxuTtkkj47O/baf0R86QU5OuYpz8fA=="],

    "ansi-escapes": ["ansi-escapes@5.0.0", "", { "dependencies": { "type-fest": "^1.0.2" } }, "sha512-5GFMVX8HqE/TB+FuBJGuO5XG0WrsA6ptUqoODaT/n9mmUaZFkqnBueB4leqGBCmrUHnCnC4PCZTCd0E7QQ83bA=="],

    "ansi-regex": ["ansi-regex@6.3.0", "", {}, "sha512-WpDfL7NO6j7tH88IDBNVdUJxDh9nmCteAVW9dsep846XdwF4naCBK+/tGLX3KJgcpgMRXCFlTM2hKGoK9FsdrQ=="],

    "ansi-styles": ["ansi-styles@6.2.3", "", {}, "sha512-4Dj6M28JB+oAH8kFkTLUo+a2jwOFkuqb3yucU0CANcRRUbxS0cP0nZYCGjcc3BNXwRIsUVmDGgzawme7zvJHvg=="],

    "balanced-match": ["balanced-match@4.0.4", "", {}, "sha512-BLrgEcRTwX2o6gGxGOCNyMvGSp35YofuYzw9h1IMTRmKqttAZZVU67bdb9Pr2vUHA8+j3i2tJfjO6C6+4myGTA=="],

    "base64-js": ["base64-js@1.5.1", "", {}, "sha512-AKpaYlHn8t4SVbOHCy+b5+KKgvR4vrsD8vbvrbiQJps7fKDTkjkDry6ji0rUJjC0kzbNePLwzxq8iypo41qeWA=="],

    "brace-expansion": ["brace-expansion@5.0.9", "", { "dependencies": { "balanced-match": "^4.0.2" } }, "sha512-ScQ4IuvIEF1TMlP7Zt+vjJ//9zlPb2SDcxWxM3bk8s6t6GGdJ7KO1dCcTidOPJKePW30LE/2cT7wCyPho9/Wxg=="],

    "bun-types": ["bun-types@1.4.0", "", { "dependencies": { "@types/node": "*" } }, "sha512-iIKw23BspnQQYd3prITOBxeUsxBHnwzX6YJfGMuNOZzeNcMmVqzIIVGRm1l69ogaPQmb4wB6BN8mA5bE9YuC5Q=="],

    "chownr": ["chownr@3.0.0", "", {}, "sha512-+IxzY9BZOQd/XuYPRmrvEVjF/nqj5kgT4kEq7VofrDoM1MxoRjEWkrCC3EtLi59TVawxTAn+orJwFQcrqEN1+g=="],

    "chrome-trace-event": ["chrome-trace-event@1.0.4", "", {}, "sha512-rNjApaLzuwaOTjCiT8lSDdGN1APCiqkChLMJxJPWLunPAt5fy8xgU9/jNOchV84wfIxrA0lRQB7oCT8jrn/wrQ=="],

    "cli-cursor": ["cli-cursor@4.0.0", "", { "dependencies": { "restore-cursor": "^4.0.0" } }, "sha512-VGtlMu3x/4DOtIUwEkRezxUZ2lBacNJCHash0N0WeZDBS+7Ux1dm3XWAgWYxLJFMMdOeXMHXorshEFhbMSGelg=="],

    "cli-truncate": ["cli-truncate@3.1.0", "", { "dependencies": { "slice-ansi": "^5.0.0", "string-width": "^5.0.0" } }, "sha512-wfOBkjXteqSnI59oPcJkcPl/ZmwvMMOj340qUIY1SKZCv0B9Cf4D4fAucRkIKQmsIuYK3x1rrgU7MeGRruiuiA=="],

    "colorette": ["colorette@2.0.20", "", {}, "sha512-IfEDxwoWIjkeXL1eXcDiow4UbKjhLdq6/EuSVR9GMN7KVH3r9gQ83e73hsz1Nd1T3ijd5xv1wcWRYO+D6kCI2w=="],

    "commander": ["commander@11.1.0", "", {}, "sha512-yPVavfyCcRhmorC7rWlkHn15b4wDVgVmBA7kV4QVBsF7kv/9TKJAbAXVTxvTnwP8HHKjRCJDClKbciiYS7p0DQ=="],

    "cross-spawn": ["cross-spawn@7.0.6", "", { "dependencies": { "path-key": "^3.1.0", "shebang-command": "^2.0.0", "which": "^2.0.1" } }, "sha512-uV2QOWP2nWzsy2aMp8aRibhi9dlzF5Hgh5SHaB9OiTGEyDTiJJyx0uy51QXdyWbtAHNua4XJzUKca3OzKUd3vA=="],

    "cross-zip": ["cross-zip@4.0.1", "", {}, "sha512-n63i0lZ0rvQ6FXiGQ+/JFCKAUyPFhLQYJIqKaa+tSJtfKeULF/IDNDAbdnSIxgS4NTuw2b0+lj8LzfITuq+ZxQ=="],

    "csstype": ["csstype@3.2.3", "", {}, "sha512-z1HGKcYy2xA8AGQfwrn0PAy+PB7X/GSj3UVJW9qKyn43xWa+gl5nXmU4qqLMRzWVLFC8KusUX8T/0kCiOYpAIQ=="],

    "debug": ["debug@4.4.3", "", { "dependencies": { "ms": "^2.1.3" }, "peerDependencies": { "supports-color": "*" }, "optionalPeers": ["supports-color"] }, "sha512-RGwwWnwQvkVfavKVt22FGLw+xYSdzARwm0ru6DhTVA3umU5hZc28V3kO4stgYryrTlLpuvgI9GiijltAjNbcqA=="],

    "discord-api-types": ["discord-api-types@0.38.55", "", {}, "sha512-ytuaRTzdnHUCXJ6KjL9MrItQX0xKncBKEeYI1Bst4+ud47eejH3cG6gaesYakjpPcUhh68XYS2YwGq3mmujFsA=="],

    "discord.js": ["discord.js@14.27.0", "", { "dependencies": { "@discordjs/builders": "^1.14.1", "@discordjs/collection": "1.5.3", "@discordjs/formatters": "^0.6.2", "@discordjs/rest": "^2.6.2", "@discordjs/util": "^1.2.0", "@discordjs/ws": "^1.2.3", "@sapphire/snowflake": "3.5.5", "discord-api-types": "^0.38.49", "fast-deep-equal": "3.1.3", "lodash.snakecase": "4.1.1", "magic-bytes.js": "^1.13.0", "tslib": "^2.6.3", "undici": "^6.27.0" } }, "sha512-qHbFlFG2N7y3LjPySYsL6A1+BnX6bkTVgo842EX0CqVPk/KTMwZkojPHEXKsQUpWZNyz5BISNHK1cPpQw0+m4A=="],

    "eastasianwidth": ["eastasianwidth@0.2.0", "", {}, "sha512-I88TYZWc9XiYHRQ4/3c5rjjfgkjhLyW2luGIheGERbNQ6OY7yTybanSpDXZa8y7VUP9YmDcYa+eyq4ca7iLqWA=="],

    "electron": ["electron@44.2.0", "", { "dependencies": { "@electron-internal/extract-zip": "^1.0.1", "@electron/get": "^5.0.0", "@types/node": "^24.9.0" }, "bin": { "electron": "cli.js", "install-electron": "install.js" } }, "sha512-oK1icjhapp3xsUZycO9WZaLmd3hJnA7ieobC4mpdtO1pEN+PPGWpA3m1Mgzzuc1wzSD2Wai4zcH4yfpGJqxFMA=="],

    "emoji-regex": ["emoji-regex@9.2.2", "", {}, "sha512-L18DaJsXSUk2+42pv8mLs5jJT2hqFkFE4j21wOmgbUqsZ2hL72NsUU785g9RXgo3s0ZNgVl42TiHp3ZtOv/Vyg=="],

    "env-paths": ["env-paths@3.0.0", "", {}, "sha512-dtJUTepzMW3Lm/NPxRf3wP4642UWhjL2sQxc+ym2YMj1m/H2zDNQOlezafzkHwn6sMstjHTwG6iQQsctDW/b1A=="],

    "err-code": ["err-code@2.0.3", "", {}, "sha512-2bmlRpNKBxT/CRmPOlyISQpNj+qSeYvcym/uT0Jx2bMOlKLtSy1ZmLuVxSEKKyor/N5yhvp/ZiG1oE3DEYMSFA=="],

    "eventemitter3": ["eventemitter3@5.0.4", "", {}, "sha512-mlsTRyGaPBjPedk6Bvw+aqbsXDtoAyAzm5MO7JgU+yVRyMQ5O8bD4Kcci7BS85f93veegeCPkL8R4GLClnjLFw=="],

    "exponential-backoff": ["exponential-backoff@3.1.3", "", {}, "sha512-ZgEeZXj30q+I0EN+CbSSpIyPaJ5HVQD18Z1m+u1FXbAeT94mr1zw50q4q6jiiC447Nl/YTcIYSAftiGqetwXCA=="],

    "fast-deep-equal": ["fast-deep-equal@3.1.3", "", {}, "sha512-f3qQ9oQy9j2AhBe/H9VC91wLmKBCCU/gDOnKNAYG5hswO7BLKj09Hc5HYNz9cGI++xlpDCIgDaitVs03ATR84Q=="],

    "fdir": ["fdir@6.5.0", "", { "peerDependencies": { "picomatch": "^3 || ^4" }, "optionalPeers": ["picomatch"] }, "sha512-tIbYtZbucOs0BRGqPJkshJUYdL+SDH7dVM8gjy+ERp3WAUjLEFJE+02kanyHtwjWOnwrKYBiwAmM0p4kLJAnXg=="],

    "filename-reserved-regex": ["filename-reserved-regex@3.0.0", "", {}, "sha512-hn4cQfU6GOT/7cFHXBqeBg2TbrMBgdD0kcjLhvSQYYwm3s4B6cjvBfb7nBALJLAXqmU5xajSa7X2NnUud/VCdw=="],

    "filenamify": ["filenamify@6.0.0", "", { "dependencies": { "filename-reserved-regex": "^3.0.0" } }, "sha512-vqIlNogKeyD3yzrm0yhRMQg8hOVwYcYRfjEoODd49iCprMn4HL85gK3HcykQE53EPIpX3HcAbGA5ELQv216dAQ=="],

    "flora-colossus": ["flora-colossus@3.0.2", "", { "dependencies": { "debug": "^4.4.1" } }, "sha512-Jk78K/Tzt6saxQPGChlJw69xuFGpWyTSAS8EdU0h/FyXwD2K46yNOXmo6nRHcZ9ooekyBAzMkwmiGNt7wOC5zg=="],

    "galactus": ["galactus@2.0.2", "", { "dependencies": { "debug": "^4.4.1", "flora-colossus": "^3.0.2" } }, "sha512-HmKyTFGomdAchz4umx8MwBnrnfFmdpwiTyGA4ZOF7rya2Lmgbc9qate4yweInL+0gUBVImhaz12SBGpW3SY4Yg=="],

    "glob": ["glob@13.0.6", "", { "dependencies": { "minimatch": "^10.2.2", "minipass": "^7.1.3", "path-scurry": "^2.0.2" } }, "sha512-Wjlyrolmm8uDpm/ogGyXZXb1Z+Ca2B8NbJwqBVg0axK9GbBeoS7yGV6vjXnYdGm6X53iehEuxxbyiKp8QmN4Vw=="],

    "graceful-fs": ["graceful-fs@4.2.11", "", {}, "sha512-RbJ5/jmFcNNCcDV5o9eTnBLJ/HszWV0P73bc+Ff4nS/rJj+YaS6IGyiOL0VoBYX+l1Wrl3k63h/KrH+nhJ0XvQ=="],

    "is-fullwidth-code-point": ["is-fullwidth-code-point@4.0.0", "", {}, "sha512-O4L094N2/dZ7xqVdrXhh9r1KODPJpFms8B5sGdJLPy664AgvXsreZUyCQQNItZRDlYug4xStLjNp/sz3HvBowQ=="],

    "isbinaryfile": ["isbinaryfile@4.0.10", "", {}, "sha512-iHrqe5shvBUcFbmZq9zOQHBoeOhZJu6RQGrDpBgenUm/Am+F3JM2MgQj+rK3Z601fzrL5gLZWtAPH2OBaSVcyw=="],

    "isexe": ["isexe@4.0.0", "", {}, "sha512-FFUtZMpoZ8RqHS3XeXEmHWLA4thH+ZxCv2lOiPIn1Xc7CxrqhWzNSDzD+/chS/zbYezmiwWLdQC09JdQKmthOw=="],

    "jiti": ["jiti@2.7.0", "", { "bin": { "jiti": "lib/jiti-cli.mjs" } }, "sha512-AC/7JofJvZGrrneWNaEnJeOLUx+JlGt7tNa0wZiRPT4MY1wmfKjt2+6O2p2uz2+skll8OZZmJMNqeke7kKbNgQ=="],

    "junk": ["junk@4.0.1", "", {}, "sha512-Qush0uP+G8ZScpGMZvHUiRfI0YBWuB3gVBYlI0v0vvOJt5FLicco+IkP0a50LqTTQhmts/m6tP5SWE+USyIvcQ=="],

    "listr2": ["listr2@7.0.2", "", { "dependencies": { "cli-truncate": "^3.1.0", "colorette": "^2.0.20", "eventemitter3": "^5.0.1", "log-update": "^5.0.1", "rfdc": "^1.3.0", "wrap-ansi": "^8.1.0" } }, "sha512-rJysbR9GKIalhTbVL2tYbF2hVyDnrf7pFUZBwjPaMIdadYHmeT+EVi/Bu3qd7ETQPahTotg2WRCatXwRBW554g=="],

    "lodash": ["lodash@4.18.1", "", {}, "sha512-dMInicTPVE8d1e5otfwmmjlxkZoUpiVLwyeTdUsi/Caj/gfzzblBcCE5sRHV/AsjuCmxWrte2TNGSYuCeCq+0Q=="],

    "lodash.snakecase": ["lodash.snakecase@4.1.1", "", {}, "sha512-QZ1d4xoBHYUeuouhEq3lk3Uq7ldgyFXGBhg04+oRLnIz8o9T65Eh+8YdroUwn846zchkA9yDsDl5CVVaV2nqYw=="],

    "log-update": ["log-update@5.0.1", "", { "dependencies": { "ansi-escapes": "^5.0.0", "cli-cursor": "^4.0.0", "slice-ansi": "^5.0.0", "strip-ansi": "^7.0.1", "wrap-ansi": "^8.0.1" } }, "sha512-5UtUDQ/6edw4ofyljDNcOVJQ4c7OjDro4h3y8e1GQL5iYElYclVHJ3zeWchylvMaKnDbDilC8irOVyexnA/Slw=="],

    "lru-cache": ["lru-cache@11.5.2", "", {}, "sha512-4pfM1Ff0x50o0tQwb5ucw/RzNyD0/YJME6IVcStalZuMWxdt3sR3huStTtxz4PUmvZfRguvDejasvQ2kifR11g=="],

    "magic-bytes.js": ["magic-bytes.js@1.13.1", "", {}, "sha512-x5sn4UX2k5gCWlcfmoFwG4TPie8+dctESyqOBdhB5p6MsgWXdBKGmt9nXPObj/JI50TTL928lc5Yt1WntMn1bw=="],

    "mimic-fn": ["mimic-fn@2.1.0", "", {}, "sha512-OqbOk5oEQeAZ8WXWydlu9HJjz9WVdEIvamMCcXmuqUYjTknH/sqsWvhQ3vgwKFRR1HpjvNBKQ37nbJgYzGqGcg=="],

    "minimatch": ["minimatch@10.2.6", "", { "dependencies": { "brace-expansion": "^5.0.8" } }, "sha512-vpLQEs+VLCr1nU0BXS07maYoFwlDAH0gngQuuttxIwutDFEMHq2blX+8vpgxDdK3J1PwjCJiep77OitTZ4Ll1A=="],

    "minipass": ["minipass@7.1.3", "", {}, "sha512-tEBHqDnIoM/1rXME1zgka9g6Q2lcoCkxHLuc7ODJ5BxbP5d4c2Z5cGgtXAku59200Cx7diuHTOYfSBD8n6mm8A=="],

    "minizlib": ["minizlib@3.1.0", "", { "dependencies": { "minipass": "^7.1.2" } }, "sha512-KZxYo1BUkWD2TVFLr0MQoM8vUUigWD3LlD83a/75BqC+4qE0Hb1Vo5v1FgcfaNXvfXzr+5EhQ6ing/CaBijTlw=="],

    "ms": ["ms@2.1.3", "", {}, "sha512-6FlzubTLZG3J2a/NVCAleEhjzq5oxgHyaCU9yYXvcLsvoVaHJq/s5xXI6/XXP6tz7R9xAOtHnSO/tXtF3WRTlA=="],

    "node-abi": ["node-abi@4.35.0", "", { "dependencies": { "semver": "^7.6.3" } }, "sha512-ymk4aIzxdPopw2giv8Fs1Ec6vybGkjmyxUwVqhkI4MCy2tVfXdkOGGWieWVjL0THgH+7a8lRdevyupoYj3Js/Q=="],

    "node-api-version": ["node-api-version@0.2.1", "", { "dependencies": { "semver": "^7.3.5" } }, "sha512-2xP/IGGMmmSQpI1+O/k72jF/ykvZ89JeuKX3TLJAYPDVLUalrshrLHkeVcCCZqG/eEa635cr8IBYzgnDvM2O8Q=="],

    "node-gyp": ["node-gyp@12.4.0", "", { "dependencies": { "env-paths": "^2.2.0", "exponential-backoff": "^3.1.1", "graceful-fs": "^4.2.6", "nopt": "^9.0.0", "proc-log": "^6.0.0", "semver": "^7.3.5", "tar": "^7.5.4", "tinyglobby": "^0.2.12", "undici": "^6.25.0", "which": "^6.0.0" }, "bin": { "node-gyp": "bin/node-gyp.js" } }, "sha512-OMcPNvqTCFUnNaBlmdgq+lfNqY7gTiSmNRDjY3uAXRyudeKZEZxu3CLtjMQrx4zZxCX2b/mpNqTtwuCJgXhHkw=="],

    "nopt": ["nopt@9.0.0", "", { "dependencies": { "abbrev": "^4.0.0" }, "bin": { "nopt": "bin/nopt.js" } }, "sha512-Zhq3a+yFKrYwSBluL4H9XP3m3y5uvQkB/09CwDruCiRmR/UJYnn9W4R48ry0uGC70aeTPKLynBtscP9efFFcPw=="],

    "onetime": ["onetime@5.1.2", "", { "dependencies": { "mimic-fn": "^2.1.0" } }, "sha512-kbpaSSGJTWdAY5KPVeMOKXSrPtr8C8C7wodJbcsd51jRnmD+GZu8Y0VoU6Dm5Z4vWr0Ig/1NKuWRKf7j5aaYSg=="],

    "path-key": ["path-key@3.1.1", "", {}, "sha512-ojmeN0qd+y0jszEtoY48r0Peq5dwMEkIlCOu6Q5f41lfkswXuKtYrhgoTpLnyIcHm24Uhqx+5Tqm2InSwLhE6Q=="],

    "path-scurry": ["path-scurry@2.0.2", "", { "dependencies": { "lru-cache": "^11.0.0", "minipass": "^7.1.2" } }, "sha512-3O/iVVsJAPsOnpwWIeD+d6z/7PmqApyQePUtCndjatj/9I5LylHvt5qluFaBT3I5h3r1ejfR056c+FCv+NnNXg=="],

    "pe-library": ["pe-library@1.0.1", "", {}, "sha512-nh39Mo1eGWmZS7y+mK/dQIqg7S1lp38DpRxkyoHf0ZcUs/HDc+yyTjuOtTvSMZHmfSLuSQaX945u05Y2Q6UWZg=="],

    "picomatch": ["picomatch@4.0.7", "", {}, "sha512-qcJu88Q2IWqJsDD529JKMdwGm/dvInW4HvQnRwiH9JtihJvzGOscDtHE3x1pBKeUOTysQ8kVmLnJ2kJu7yhcGA=="],

    "plist": ["plist@3.1.1", "", { "dependencies": { "@xmldom/xmldom": "^0.9.10", "base64-js": "^1.5.1", "xmlbuilder": "^15.1.1" } }, "sha512-ZIfcLJC+7E7FBFnDxm9MPmt7D+DidyQ26lewieO75AdhA2ayMtsJSES0iWzqJQbcVRSrTufQoy0DR94xHue0oA=="],

    "postject": ["postject@1.0.0-alpha.6", "", { "dependencies": { "commander": "^9.4.0" }, "bin": { "postject": "dist/cli.js" } }, "sha512-b9Eb8h2eVqNE8edvKdwqkrY6O7kAwmI8kcnBv1NScolYJbo59XUF0noFq+lxbC1yN20bmC0WBEbDC5H/7ASb0A=="],

    "proc-log": ["proc-log@6.1.0", "", {}, "sha512-iG+GYldRf2BQ0UDUAd6JQ/RwzaQy6mXmsk/IzlYyal4A4SNFw54MeH4/tLkF4I5WoWG9SQwuqWzS99jaFQHBuQ=="],

    "progress": ["progress@2.0.3", "", {}, "sha512-7PiHtLll5LdnKIMw100I+8xJXR5gW2QwWYkT6iJva0bXitZKa/XMrSbdmg3r2Xnaidz9Qumd0VPaMrZlF9V9sA=="],

    "promise-retry": ["promise-retry@2.0.1", "", { "dependencies": { "err-code": "^2.0.2", "retry": "^0.12.0" } }, "sha512-y+WKFlBR8BGXnsNlIHFGPZmyDf3DFMoLhaflAnyZgV6rG6xu+JwesTo2Q9R6XwYmtmwAFCkAk3e35jEdoeh/3g=="],

    "react": ["react@19.2.8", "", {}, "sha512-PWaYA1L/q9u2u7xYQi+Y3L3Yfnie7XyLeaJICV1MGD6LprsBxcAqGjYyr0eY3p+QdsA+x/Irkt4Qif8D63+Sbw=="],

    "react-dom": ["react-dom@19.2.8", "", { "dependencies": { "scheduler": "^0.27.0" }, "peerDependencies": { "react": "^19.2.8" } }, "sha512-rVprimfGBG3DR+Tq0IQG2DT5PxKth1WIGDmj5yPmlzr4YBe7uyE+Du4oVqTDXZSHGGGXRtTJEGSSePyQCMBglQ=="],

    "read-binary-file-arch": ["read-binary-file-arch@1.0.6", "", { "dependencies": { "debug": "^4.3.4" }, "bin": { "read-binary-file-arch": "cli.js" } }, "sha512-BNg9EN3DD3GsDXX7Aa8O4p92sryjkmzYYgmgTAc6CA4uGLEDzFfxOxugu21akOxpcXHiEgsYkC6nPsQvLLLmEg=="],

    "resedit": ["resedit@2.0.3", "", { "dependencies": { "pe-library": "^1.0.1" } }, "sha512-oTeemxwoMuxxTYxXUwjkrOPfngTQehlv0/HoYFNkB4uzsP1Un1A9nI8JQKGOFkxpqkC7qkMs0lUsGrvUlbLNUA=="],

    "reselect": ["reselect@5.3.0", "", {}, "sha512-XGoLeRAVzUTcJ1qkxPQhDJyIZ5d6zzZD9nT7AEZOaaU9UbWclhycElmhO+VD5bFeLuzhPBaOV2oXC8uG35ZSpg=="],

    "restore-cursor": ["restore-cursor@4.0.0", "", { "dependencies": { "onetime": "^5.1.0", "signal-exit": "^3.0.2" } }, "sha512-I9fPXU9geO9bHOt9pHHOhOkYerIMsmVaWB0rA2AI9ERh/+x/i7MV5HKBNrg+ljO5eoPVgCcnFuRjJ9uH6I/3eg=="],

    "retry": ["retry@0.12.0", "", {}, "sha512-9LkiTwjUh6rT555DtE9rTX+BKByPfrMzEAtnlEtdEwr3Nkffwiihqe2bWADg+OQRjt9gl6ICdmB/ZFDCGAtSow=="],

    "rfdc": ["rfdc@1.4.1", "", {}, "sha512-q1b3N5QkRUWUl7iyylaaj3kOpIT0N2i9MqIEQXP73GVsN9cw3fdx8X63cEmWhJGi2PPCF23Ijp7ktmd39rawIA=="],

    "scheduler": ["scheduler@0.27.0", "", {}, "sha512-eNv+WrVbKu1f3vbYJT/xtiF5syA5HPIMtf9IgY/nKg0sWqzAUEvqY/xm7OcZc/qafLx/iO9FgOmeSAp4v5ti/Q=="],

    "semver": ["semver@7.8.5", "", { "bin": { "semver": "bin/semver.js" } }, "sha512-Y7/KDsb8LjooZpwaqGyulO6DQlksgCncchHGk+sZIY4SBvUocMBEFH5Ur1fI4dV+Jvl0w6cjvucaIi40puRioA=="],

    "shebang-command": ["shebang-command@2.0.0", "", { "dependencies": { "shebang-regex": "^3.0.0" } }, "sha512-kHxr2zZpYtdmrN1qDjrrX/Z1rR1kG8Dx+gkpK1G4eXmvXswmcE1hTWBWYUzlraYw1/yZp6YuDY77YtvbN0dmDA=="],

    "shebang-regex": ["shebang-regex@3.0.0", "", {}, "sha512-7++dFhtcx3353uBaq8DDR4NuxBetBzC7ZQOhmTQInHEd6bSrXdiEyzCvG07Z44UYdLShWUyXt5M/yhz8ekcb1A=="],

    "signal-exit": ["signal-exit@3.0.7", "", {}, "sha512-wnD2ZE+l+SPC/uoS0vXeE9L1+0wuaMqKlfz9AMUo38JsyLSBWSFcHR1Rri62LZc12vLr1gb3jl7iwQhgwpAbGQ=="],

    "slice-ansi": ["slice-ansi@5.0.0", "", { "dependencies": { "ansi-styles": "^6.0.0", "is-fullwidth-code-point": "^4.0.0" } }, "sha512-FC+lgizVPfie0kkhqUScwRu1O/lF6NOgJmlCgK+/LYxDCTk8sGelYaHDhFcDN+Sn3Cv+3VSa4Byeo+IMCzpMgQ=="],

    "string-width": ["string-width@5.1.2", "", { "dependencies": { "eastasianwidth": "^0.2.0", "emoji-regex": "^9.2.2", "strip-ansi": "^7.0.1" } }, "sha512-HnLOCR3vjcY8beoNLtcjZ5/nxn2afmME6lhrDrebokqMap+XbeW8n9TXpPDOqdGK5qcI3oT0GKTW6wC7EMiVqA=="],

    "strip-ansi": ["strip-ansi@7.2.0", "", { "dependencies": { "ansi-regex": "^6.2.2" } }, "sha512-yDPMNjp4WyfYBkHnjIRLfca1i6KMyGCtsVgoKe/z1+6vukgaENdgGBZt+ZmKPc4gavvEZ5OgHfHdrazhgNyG7w=="],

    "sumchecker": ["sumchecker@3.0.1", "", { "dependencies": { "debug": "^4.1.0" } }, "sha512-MvjXzkz/BOfyVDkG0oFOtBxHX2u3gKbMHIF/dXblZsgD3BWOFLmHovIpZY7BykJdAjcqRCBi1WYBNdEC9yI7vg=="],

    "tar": ["tar@7.5.22", "", { "dependencies": { "@isaacs/fs-minipass": "^4.0.0", "chownr": "^3.0.0", "minipass": "^7.1.2", "minizlib": "^3.1.0", "yallist": "^5.0.0" } }, "sha512-MFO/QzvtAOmJbkhOaCTvbGcFN9L9b+JunIsDwaKljSOdcLMea3NJ1k9Usz/rjdfSXTq4dfzfeS7W4p4YOAAHeA=="],

    "tinyglobby": ["tinyglobby@0.2.17", "", { "dependencies": { "fdir": "^6.5.0", "picomatch": "^4.0.4" } }, "sha512-wXR/dYpcqKmfWpEdZjiKJOwCNFndD0DMnrW/cYjVGttEkBfVgcLFHoNrlj47mjOVic9yyNu65alsgF4NQyTa2g=="],

    "ts-mixer": ["ts-mixer@6.0.4", "", {}, "sha512-ufKpbmrugz5Aou4wcr5Wc1UUFWOLhq+Fm6qa6P0w0K5Qw2yhaUoiWszhCVuNQyNwrlGiscHOmqYoAox1PtvgjA=="],

    "tslib": ["tslib@2.8.1", "", {}, "sha512-oJFu94HQb+KVduSUQL7wnpmqnfmLsOA/nAh6b6EH0wCEoK0/mPeXU6c3wKDV83MkOuHPRHtSXKKU99IBazS/2w=="],

    "type-fest": ["type-fest@1.4.0", "", {}, "sha512-yGSza74xk0UG8k+pLh5oeoYirvIiWo5t0/o3zHHAO2tRDiZcxWP7fywNlXhqb6/r6sWvwi+RsyQMWhVLe4BVuA=="],

    "typebox": ["typebox@1.3.18", "", {}, "sha512-/wYPoDqxWZSxV/XD8Eskzr3YluXC9CaWJOuUYMkj+lLVLkyeEIQKzHvMuS/IRc3OLTIBC32LAtHgXo/WFEOMHQ=="],

    "typescript": ["typescript@5.9.3", "", { "bin": { "tsc": "bin/tsc", "tsserver": "bin/tsserver" } }, "sha512-jl1vZzPDinLr9eUt3J/t7V6FgNEw9QjvBPdysz9KfQDD41fQrC2Y4vKQdiaUpFT4bXlb1RHhLpp8wtm6M5TgSw=="],

    "undici": ["undici@6.28.0", "", {}, "sha512-LIY910g9TI13YS95lrMFrs8Rm/u/irgHeTWoKCoteeJ04CUJ92eEfj0rVn+7VKMPBpUPiUoBKfhNyLI23EE/KA=="],

    "undici-types": ["undici-types@8.3.0", "", {}, "sha512-j375ScV60dom+YkPFIfTLcOiPxkN/buHz5GobjLhixFuANaNs3C9l4GmrWqejgXWJ7BbJcFYpTEUkS1Ge8bpZQ=="],

    "use-sync-external-store": ["use-sync-external-store@1.6.0", "", { "peerDependencies": { "react": "^16.8.0 || ^17.0.0 || ^18.0.0 || ^19.0.0" } }, "sha512-Pp6GSwGP/NrPIrxVFAIkOQeyw8lFenOHijQWkUTrDvrF4ALqylP2C/KCkeS9dpUM3KvYRQhna5vt7IL95+ZQ9w=="],

    "which": ["which@6.0.1", "", { "dependencies": { "isexe": "^4.0.0" }, "bin": { "node-which": "bin/which.js" } }, "sha512-oGLe46MIrCRqX7ytPUf66EAYvdeMIZYn3WaocqqKZAxrBpkqHfL/qvTyJ/bTk5+AqHCjXmrv3CEWgy368zhRUg=="],

    "wrap-ansi": ["wrap-ansi@8.1.0", "", { "dependencies": { "ansi-styles": "^6.1.0", "string-width": "^5.0.1", "strip-ansi": "^7.0.1" } }, "sha512-si7QWI6zUMq56bESFvagtmzMdGOtoxfR+Sez11Mobfc7tm+VkUckk9bW2UeffTGVUbOksxmSw0AA2gs8g71NCQ=="],

    "ws": ["ws@8.21.3", "", { "peerDependencies": { "bufferutil": "^4.0.1", "utf-8-validate": ">=5.0.2" }, "optionalPeers": ["bufferutil", "utf-8-validate"] }, "sha512-201TZ/kPWxoPr/OKWjquZR1SWKXcvxdH+e1xrx89b3YbmzLMFCLfnaG1HFIgWzJOEWZ7MvpK++odZufgYR50Rw=="],

    "xmlbuilder": ["xmlbuilder@15.1.1", "", {}, "sha512-yMqGBqtXyeN1e3TGYvgNgDVZ3j84W4cwkOXQswghol6APgZWaff9lnbvN7MHYJOiXsvGPXtjTYJEiC9J2wv9Eg=="],

    "yallist": ["yallist@5.0.0", "", {}, "sha512-YgvUTfwqyc7UXVMrB+SImsVYSmTS8X/tSrtdNZMImM+n7+QTriRXyXim0mBrTXNeqzVF0KWGgHPeiyViFFrNDw=="],

    "yargs-parser": ["yargs-parser@22.0.0", "", {}, "sha512-rwu/ClNdSMpkSrUb+d6BRsSkLUq1fmfsY6TOpYzTwvwkg1/NRG85KBy3kq++A8LKQwX6lsu+aWad+2khvuXrqw=="],

    "zod": ["zod@4.5.4", "", {}, "sha512-sC95tT5iHHH9gtpj6A81kh+NEaRAUFN+qlUPDUbRfOMvNf5QCBqsb3WgvnpVtK5Y+4UfA6KqufotuTvMGiTlsA=="],

    "@discordjs/rest/@discordjs/collection": ["@discordjs/collection@2.1.1", "", {}, "sha512-LiSusze9Tc7qF03sLCujF5iZp7K+vRNEDBZ86FT9aQAv3vxMLihUvKvpsCWiQ2DJq1tVckopKm1rxomgNUc9hg=="],

    "@discordjs/ws/@discordjs/collection": ["@discordjs/collection@2.1.1", "", {}, "sha512-LiSusze9Tc7qF03sLCujF5iZp7K+vRNEDBZ86FT9aQAv3vxMLihUvKvpsCWiQ2DJq1tVckopKm1rxomgNUc9hg=="],

    "@electron/get/undici": ["undici@7.29.1", "", {}, "sha512-RYONW2MeafgYlkVOKYKkA/Ag7BmXqgIWCa8t1m0JcxrQg9pI9lEqRhAOruOBCbAohOa/gkCF+iPi9hrgvTzu6Q=="],

    "cross-spawn/which": ["which@2.0.2", "", { "dependencies": { "isexe": "^2.0.0" }, "bin": { "node-which": "./bin/node-which" } }, "sha512-BLI3Tl1TW3Pvl70l3yq3Y64i+awpwXqsGBYWkkqMtnbXgrMD+yj7rhW0kuEDxzJaYXGjEW5ogapKNMEKNMjibA=="],

    "electron/@types/node": ["@types/node@24.13.3", "", { "dependencies": { "undici-types": "~7.18.0" } }, "sha512-Dh8vAsV36ig5wa9OX4pXvMc9D3Veibfw2wix0CUwYODLD8nkj9UsLjASr49nPg+2eKzxhBV+v7L8pXvT4e639Q=="],

    "node-gyp/env-paths": ["env-paths@2.2.1", "", {}, "sha512-+h1lkLKhZMTYjog1VEpJNG7NZJWcuc2DDk/qsqSTRRCOXiLjeQ1d1/udrUGhqMxUgAlwKNZ0cf2uqan5GLuS2A=="],

    "postject/commander": ["commander@9.5.0", "", {}, "sha512-KRs7WVDKg86PWiuAqhDrAQnTXZKraVcCc6vFdL14qrZ/DcWwuRo7VoiYXalXO7S5GKpqYiVEwCbgFDfxNHKJBQ=="],

    "cross-spawn/which/isexe": ["isexe@2.0.0", "", {}, "sha512-RHxMLp9lnKHGHRng9QFhRCMbYAcVpn69smSGcq3f36xjgVVWThj4qqLbTLlq7Ssj8B+fIQ1EuCEGI2lKsyQeIw=="],

    "electron/@types/node/undici-types": ["undici-types@7.18.2", "", {}, "sha512-AsuCzffGHJybSaRrmr5eHr81mwJU3kjw6M+uprWvCXiNeN9SOGwQ3Jn8jb8m3Z6izVgknn1R0FTCEAP2QrLY/w=="],
  }
}
